
Microsoft Visual Studio Solution File, Format Version 12.00
# Visual Studio Version 17
VisualStudioVersion = 17.14.36915.13 d17.14
MinimumVisualStudioVersion = 10.0.40219.1
Project("{FAE04EC0-301F-11D3-BF4B-00C04F79EFBC}") = "Bank System Console", "Bank System Console\Bank System Console.csproj", "{E5566027-22F4-453D-A586-6EA91AFD30FA}"
EndProject
Global
	GlobalSection(SolutionConfigurationPlatforms) = preSolution
		Debug|Any CPU = Debug|Any CPU
		Release|Any CPU = Release|Any CPU
	EndGlobalSection
	GlobalSection(ProjectConfigurationPlatforms) = postSolution
		{E5566027-22F4-453D-A586-6EA91AFD30FA}.Debug|Any CPU.ActiveCfg = Debug|Any CPU
		{E5566027-22F4-453D-A586-6EA91AFD30FA}.Debug|Any CPU.Build.0 = Debug|Any CPU
		{E5566027-22F4-453D-A586-6EA91AFD30FA}.Release|Any CPU.ActiveCfg = Release|Any CPU
		{E5566027-22F4-453D-A586-6EA91AFD30FA}.Release|Any CPU.Build.0 = Release|Any CPU
	EndGlobalSection
	GlobalSection(SolutionProperties) = preSolution
		HideSolutionNode = FALSE
	EndGlobalSection
	GlobalSection(ExtensibilityGlobals) = postSolution
		SolutionGuid = {AA540D05-C414-4425-806F-D8E53856D001}
	EndGlobalSection
EndGlobal
